# This file is automatically @generated by Poetry 2.3.2 and should not be changed by hand.

[[package]]
name = "unmhtml"
version = "0.2.0"
description = "MHTML to HTML converter library using Python stdlib"
optional = false
python-versions = ">=3.8"
groups = ["main"]
files = [
    {file = "unmhtml-0.2.0-py3-none-any.whl", hash = "sha256:cc6c212cbdb87fb9e6b77b1c635accf3516ba12cd92441c97a7ee7c4910d0cc5"},
    {file = "unmhtml-0.2.0.tar.gz", hash = "sha256:48df3a83aafd2af7e20f2bdde4ae335771b85384302f86daea53c6baf0f88b8c"},
]

[package.extras]
test = ["pytest (>=6.0)", "pytest-cov"]

[metadata]
lock-version = "2.1"
python-versions = "^3.13"
content-hash = "6888f520bcbf35c2be62e273b1a24f4034fc38585c82d16e9ff8875d7f8999e5"
